<?xml version="1.0" encoding="utf-8"?>
<Project ToolsVersion="4.0" xmlns="http://schemas.microsoft.com/developer/msbuild/2003">
  <ItemGroup>
    <ClCompile Include="BasicLoader.cpp">
      <Filter>Helpers\BasicLoader</Filter>
    </ClCompile>
    <ClCompile Include="BasicReaderWriter.cpp">
      <Filter>Helpers\BasicLoader</Filter>
    </ClCompile>
    <ClCompile Include="DDSTextureLoader.cpp">
      <Filter>Helpers\BasicLoader</Filter>
    </ClCompile>
    <ClCompile Include="BasicTimer.cpp">
      <Filter>Helpers\BasicTimer</Filter>
    </ClCompile>
    <ClCompile Include="DirectXApp.cpp">
      <Filter>Sources</Filter>
    </ClCompile>
    <ClCompile Include="DirectXBase.cpp">
      <Filter>Sources</Filter>
    </ClCompile>
    <ClCompile Include="pch.cpp">
      <Filter>Sources</Filter>
    </ClCompile>
    <ClCompile Include="BasicSprites.cpp">
      <Filter>Helpers\BasicSprites</Filter>
    </ClCompile>
    <ClCompile Include="Overlay.cpp">
      <Filter>Sources</Filter>
    </ClCompile>
    <ClCompile Include="SpriteGame.cpp">
      <Filter>Sources</Filter>
    </ClCompile>
    <ClCompile Include="SpaceShip.cpp">
      <Filter>Sources</Filter>
    </ClCompile>
    <ClCompile Include="DynamicObject.cpp">
      <Filter>Sources</Filter>
    </ClCompile>
    <ClCompile Include="Asteroid.cpp">
      <Filter>Sources</Filter>
    </ClCompile>
    <ClCompile Include="Projectile.cpp">
      <Filter>Sources</Filter>
    </ClCompile>
  </ItemGroup>
  <ItemGroup>
    <ClInclude Include="BasicLoader.h">
      <Filter>Helpers\BasicLoader</Filter>
    </ClInclude>
    <ClInclude Include="BasicReaderWriter.h">
      <Filter>Helpers\BasicLoader</Filter>
    </ClInclude>
    <ClInclude Include="DDSTextureLoader.h">
      <Filter>Helpers\BasicLoader</Filter>
    </ClInclude>
    <ClInclude Include="BasicTimer.h">
      <Filter>Helpers\BasicTimer</Filter>
    </ClInclude>
    <ClInclude Include="BasicMath.h">
      <Filter>Helpers</Filter>
    </ClInclude>
    <ClInclude Include="DirectXApp.h">
      <Filter>Sources</Filter>
    </ClInclude>
    <ClInclude Include="DirectXBase.h">
      <Filter>Sources</Filter>
    </ClInclude>
    <ClInclude Include="DirectXSample.h">
      <Filter>Sources</Filter>
    </ClInclude>
    <ClInclude Include="pch.h">
      <Filter>Sources</Filter>
    </ClInclude>
    <ClInclude Include="BasicSprites.h">
      <Filter>Helpers\BasicSprites</Filter>
    </ClInclude>
    <ClInclude Include="Overlay.h">
      <Filter>Sources</Filter>
    </ClInclude>
    <ClInclude Include="SpriteGame.h">
      <Filter>Sources</Filter>
    </ClInclude>
    <ClInclude Include="SpaceShip.h">
      <Filter>Sources</Filter>
    </ClInclude>
    <ClInclude Include="DynamicObject.h">
      <Filter>Sources</Filter>
    </ClInclude>
    <ClInclude Include="Asteroid.h">
      <Filter>Sources</Filter>
    </ClInclude>
    <ClInclude Include="Projectile.h">
      <Filter>Sources</Filter>
    </ClInclude>
  </ItemGroup>
  <ItemGroup>
    <Image Include="Assets\GameObjects\ida.dds">
      <Filter>Game Assets</Filter>
    </Image>
    <Image Include="Assets\GameObjects\m31.png">
      <Filter>Game Assets</Filter>
    </Image>
    <Image Include="Assets\GameObjects\particle.dds">
      <Filter>Game Assets</Filter>
    </Image>
    <Image Include="Assets\GameObjects\SpaceShip.png">
      <Filter>Game Assets</Filter>
    </Image>
    <Image Include="Assets\UI\windowsbig-sdk.png">
      <Filter>UI Assets</Filter>
    </Image>
    <Image Include="smalltile-sdk.scale-100.png">
      <Filter>App Store Files</Filter>
    </Image>
    <Image Include="Appx Files\splash-sdk.scale-100.png">
      <Filter>App Store Files</Filter>
    </Image>
    <Image Include="squaretile-sdk.scale-100.png">
      <Filter>App Store Files</Filter>
    </Image>
    <Image Include="storelogo-sdk.scale-100.png">
      <Filter>App Store Files</Filter>
    </Image>
  </ItemGroup>
  <ItemGroup>
    <Filter Include="Sources">
      <UniqueIdentifier>{9d55c27d-f475-4c53-bc83-a469df0cb55c}</UniqueIdentifier>
    </Filter>
    <Filter Include="App Store Files">
      <UniqueIdentifier>{f1db1889-0b43-4868-9d11-6d17dc545da4}</UniqueIdentifier>
    </Filter>
    <Filter Include="Helpers">
      <UniqueIdentifier>{8e7d9aeb-df5e-4aba-8658-b79b02ef536d}</UniqueIdentifier>
    </Filter>
    <Filter Include="Helpers\BasicLoader">
      <UniqueIdentifier>{333e5e37-2f84-47f3-9835-a56e9f4c8a3d}</UniqueIdentifier>
    </Filter>
    <Filter Include="Helpers\BasicTimer">
      <UniqueIdentifier>{4dc09f46-8c92-4281-bb25-439bae2a68ca}</UniqueIdentifier>
    </Filter>
    <Filter Include="Helpers\BasicSprites">
      <UniqueIdentifier>{6b98a20d-6eed-495a-90ab-5f1d08516605}</UniqueIdentifier>
    </Filter>
    <Filter Include="Helpers\BasicSprites\Shaders">
      <UniqueIdentifier>{997ca786-97fb-400e-beb6-8d50d882496b}</UniqueIdentifier>
    </Filter>
    <Filter Include="Game Assets">
      <UniqueIdentifier>{7179335d-6ba6-4bc7-b05e-4568c0fe58a7}</UniqueIdentifier>
    </Filter>
    <Filter Include="UI Assets">
      <UniqueIdentifier>{c8fa4897-75c8-443b-b6b1-f565733cd34c}</UniqueIdentifier>
    </Filter>
  </ItemGroup>
  <ItemGroup>
    <FxCompile Include="BasicSprites.GeometryShader.gs.hlsl">
      <Filter>Helpers\BasicSprites\Shaders</Filter>
    </FxCompile>
    <FxCompile Include="BasicSprites.GeometryShader.vs.hlsl">
      <Filter>Helpers\BasicSprites\Shaders</Filter>
    </FxCompile>
    <FxCompile Include="BasicSprites.Instancing.vs.hlsl">
      <Filter>Helpers\BasicSprites\Shaders</Filter>
    </FxCompile>
    <FxCompile Include="BasicSprites.ps.hlsl">
      <Filter>Helpers\BasicSprites\Shaders</Filter>
    </FxCompile>
    <FxCompile Include="BasicSprites.Replication.vs.hlsl">
      <Filter>Helpers\BasicSprites\Shaders</Filter>
    </FxCompile>
  </ItemGroup>
  <ItemGroup>
    <AppxManifest Include="Package.appxmanifest">
      <Filter>App Store Files</Filter>
    </AppxManifest>
  </ItemGroup>
</Project>